
Microsoft Visual Studio Solution File, Format Version 12.00
# Visual Studio Version 16
VisualStudioVersion = 25.0.1706.3
MinimumVisualStudioVersion = 10.0.40219.1
Project("{FAE04EC0-301F-11D3-BF4B-00C04F79EFBC}") = "PedraPapelTesoura", "PedraPapelTesoura\PedraPapelTesoura.csproj", "{331B6A52-A7C0-4AE0-9AC4-09219B49C63B}"
EndProject
Project("{FAE04EC0-301F-11D3-BF4B-00C04F79EFBC}") = "ParOuImpar", "ParOuImpar\ParOuImpar.csproj", "{A5DF70EC-16BE-43AB-A4A4-A3E24FAE2EDC}"
EndProject
Project("{FAE04EC0-301F-11D3-BF4B-00C04F79EFBC}") = "Domino", "Domino\Domino.csproj", "{DC0154B2-4C69-4453-8ECB-60EBAF2F39D9}"
EndProject
Project("{FAE04EC0-301F-11D3-BF4B-00C04F79EFBC}") = "DominoBucha", "DominoBucha\DominoBucha.csproj", "{20B27733-CD7C-45F6-9A10-422646CA4CA3}"
EndProject
Project("{FAE04EC0-301F-11D3-BF4B-00C04F79EFBC}") = "PeneiraDeVolei", "PeneiraDeVolei\PeneiraDeVolei.csproj", "{FBF334C1-7C71-41B5-9DF1-E33F448B6EF6}"
EndProject
Project("{FAE04EC0-301F-11D3-BF4B-00C04F79EFBC}") = "PosicoesVolei", "PosicoesVolei\PosicoesVolei.csproj", "{3F3C324A-BACB-4F41-91FD-760A5361628C}"
EndProject
Project("{FAE04EC0-301F-11D3-BF4B-00C04F79EFBC}") = "IsencaoImpostoRenda", "IsencaoImpostoRenda\IsencaoImpostoRenda.csproj", "{433622F4-8CBF-4D98-9C7E-FDE06843C5F3}"
EndProject
Project("{FAE04EC0-301F-11D3-BF4B-00C04F79EFBC}") = "MontanhaRussa", "MontanhaRussa\MontanhaRussa.csproj", "{EC7DA2CC-9EF6-4134-8CC1-CC005A947307}"
EndProject
Project("{FAE04EC0-301F-11D3-BF4B-00C04F79EFBC}") = "NotaEmConceito", "NotaEmConceito\NotaEmConceito.csproj", "{7BCE9739-B0F2-41D4-8093-D057B1FF3970}"
EndProject
Project("{FAE04EC0-301F-11D3-BF4B-00C04F79EFBC}") = "IdentificandoCaracteres", "IdentificandoCaracteres\IdentificandoCaracteres.csproj", "{A49BBF7A-F6A9-498F-BB37-3FE83887BDCB}"
EndProject
Project("{FAE04EC0-301F-11D3-BF4B-00C04F79EFBC}") = "valorDaParcela", "valorDaParcela\valorDaParcela.csproj", "{AB5072AC-5FC2-42A2-9C61-232D1734ACDC}"
EndProject
Project("{FAE04EC0-301F-11D3-BF4B-00C04F79EFBC}") = "DiaDaSemana", "DiaDaSemana\DiaDaSemana.csproj", "{66A18605-445A-4BB7-8CBC-A796974915E2}"
EndProject
Project("{FAE04EC0-301F-11D3-BF4B-00C04F79EFBC}") = "CompraComDesconto", "CompraComDesconto\CompraComDesconto.csproj", "{5B55EFF5-9D58-4179-9984-9EA30CD5E546}"
EndProject
Global
	GlobalSection(SolutionConfigurationPlatforms) = preSolution
		Debug|Any CPU = Debug|Any CPU
		Release|Any CPU = Release|Any CPU
	EndGlobalSection
	GlobalSection(ProjectConfigurationPlatforms) = postSolution
		{331B6A52-A7C0-4AE0-9AC4-09219B49C63B}.Debug|Any CPU.ActiveCfg = Debug|Any CPU
		{331B6A52-A7C0-4AE0-9AC4-09219B49C63B}.Debug|Any CPU.Build.0 = Debug|Any CPU
		{331B6A52-A7C0-4AE0-9AC4-09219B49C63B}.Release|Any CPU.ActiveCfg = Release|Any CPU
		{331B6A52-A7C0-4AE0-9AC4-09219B49C63B}.Release|Any CPU.Build.0 = Release|Any CPU
		{A5DF70EC-16BE-43AB-A4A4-A3E24FAE2EDC}.Debug|Any CPU.ActiveCfg = Debug|Any CPU
		{A5DF70EC-16BE-43AB-A4A4-A3E24FAE2EDC}.Debug|Any CPU.Build.0 = Debug|Any CPU
		{A5DF70EC-16BE-43AB-A4A4-A3E24FAE2EDC}.Release|Any CPU.ActiveCfg = Release|Any CPU
		{A5DF70EC-16BE-43AB-A4A4-A3E24FAE2EDC}.Release|Any CPU.Build.0 = Release|Any CPU
		{DC0154B2-4C69-4453-8ECB-60EBAF2F39D9}.Debug|Any CPU.ActiveCfg = Debug|Any CPU
		{DC0154B2-4C69-4453-8ECB-60EBAF2F39D9}.Debug|Any CPU.Build.0 = Debug|Any CPU
		{DC0154B2-4C69-4453-8ECB-60EBAF2F39D9}.Release|Any CPU.ActiveCfg = Release|Any CPU
		{DC0154B2-4C69-4453-8ECB-60EBAF2F39D9}.Release|Any CPU.Build.0 = Release|Any CPU
		{20B27733-CD7C-45F6-9A10-422646CA4CA3}.Debug|Any CPU.ActiveCfg = Debug|Any CPU
		{20B27733-CD7C-45F6-9A10-422646CA4CA3}.Debug|Any CPU.Build.0 = Debug|Any CPU
		{20B27733-CD7C-45F6-9A10-422646CA4CA3}.Release|Any CPU.ActiveCfg = Release|Any CPU
		{20B27733-CD7C-45F6-9A10-422646CA4CA3}.Release|Any CPU.Build.0 = Release|Any CPU
		{FBF334C1-7C71-41B5-9DF1-E33F448B6EF6}.Debug|Any CPU.ActiveCfg = Debug|Any CPU
		{FBF334C1-7C71-41B5-9DF1-E33F448B6EF6}.Debug|Any CPU.Build.0 = Debug|Any CPU
		{FBF334C1-7C71-41B5-9DF1-E33F448B6EF6}.Release|Any CPU.ActiveCfg = Release|Any CPU
		{FBF334C1-7C71-41B5-9DF1-E33F448B6EF6}.Release|Any CPU.Build.0 = Release|Any CPU
		{3F3C324A-BACB-4F41-91FD-760A5361628C}.Debug|Any CPU.ActiveCfg = Debug|Any CPU
		{3F3C324A-BACB-4F41-91FD-760A5361628C}.Debug|Any CPU.Build.0 = Debug|Any CPU
		{3F3C324A-BACB-4F41-91FD-760A5361628C}.Release|Any CPU.ActiveCfg = Release|Any CPU
		{3F3C324A-BACB-4F41-91FD-760A5361628C}.Release|Any CPU.Build.0 = Release|Any CPU
		{433622F4-8CBF-4D98-9C7E-FDE06843C5F3}.Debug|Any CPU.ActiveCfg = Debug|Any CPU
		{433622F4-8CBF-4D98-9C7E-FDE06843C5F3}.Debug|Any CPU.Build.0 = Debug|Any CPU
		{433622F4-8CBF-4D98-9C7E-FDE06843C5F3}.Release|Any CPU.ActiveCfg = Release|Any CPU
		{433622F4-8CBF-4D98-9C7E-FDE06843C5F3}.Release|Any CPU.Build.0 = Release|Any CPU
		{EC7DA2CC-9EF6-4134-8CC1-CC005A947307}.Debug|Any CPU.ActiveCfg = Debug|Any CPU
		{EC7DA2CC-9EF6-4134-8CC1-CC005A947307}.Debug|Any CPU.Build.0 = Debug|Any CPU
		{EC7DA2CC-9EF6-4134-8CC1-CC005A947307}.Release|Any CPU.ActiveCfg = Release|Any CPU
		{EC7DA2CC-9EF6-4134-8CC1-CC005A947307}.Release|Any CPU.Build.0 = Release|Any CPU
		{7BCE9739-B0F2-41D4-8093-D057B1FF3970}.Debug|Any CPU.ActiveCfg = Debug|Any CPU
		{7BCE9739-B0F2-41D4-8093-D057B1FF3970}.Debug|Any CPU.Build.0 = Debug|Any CPU
		{7BCE9739-B0F2-41D4-8093-D057B1FF3970}.Release|Any CPU.ActiveCfg = Release|Any CPU
		{7BCE9739-B0F2-41D4-8093-D057B1FF3970}.Release|Any CPU.Build.0 = Release|Any CPU
		{A49BBF7A-F6A9-498F-BB37-3FE83887BDCB}.Debug|Any CPU.ActiveCfg = Debug|Any CPU
		{A49BBF7A-F6A9-498F-BB37-3FE83887BDCB}.Debug|Any CPU.Build.0 = Debug|Any CPU
		{A49BBF7A-F6A9-498F-BB37-3FE83887BDCB}.Release|Any CPU.ActiveCfg = Release|Any CPU
		{A49BBF7A-F6A9-498F-BB37-3FE83887BDCB}.Release|Any CPU.Build.0 = Release|Any CPU
		{AB5072AC-5FC2-42A2-9C61-232D1734ACDC}.Debug|Any CPU.ActiveCfg = Debug|Any CPU
		{AB5072AC-5FC2-42A2-9C61-232D1734ACDC}.Debug|Any CPU.Build.0 = Debug|Any CPU
		{AB5072AC-5FC2-42A2-9C61-232D1734ACDC}.Release|Any CPU.ActiveCfg = Release|Any CPU
		{AB5072AC-5FC2-42A2-9C61-232D1734ACDC}.Release|Any CPU.Build.0 = Release|Any CPU
		{66A18605-445A-4BB7-8CBC-A796974915E2}.Debug|Any CPU.ActiveCfg = Debug|Any CPU
		{66A18605-445A-4BB7-8CBC-A796974915E2}.Debug|Any CPU.Build.0 = Debug|Any CPU
		{66A18605-445A-4BB7-8CBC-A796974915E2}.Release|Any CPU.ActiveCfg = Release|Any CPU
		{66A18605-445A-4BB7-8CBC-A796974915E2}.Release|Any CPU.Build.0 = Release|Any CPU
		{5B55EFF5-9D58-4179-9984-9EA30CD5E546}.Debug|Any CPU.ActiveCfg = Debug|Any CPU
		{5B55EFF5-9D58-4179-9984-9EA30CD5E546}.Debug|Any CPU.Build.0 = Debug|Any CPU
		{5B55EFF5-9D58-4179-9984-9EA30CD5E546}.Release|Any CPU.ActiveCfg = Release|Any CPU
		{5B55EFF5-9D58-4179-9984-9EA30CD5E546}.Release|Any CPU.Build.0 = Release|Any CPU
	EndGlobalSection
	GlobalSection(SolutionProperties) = preSolution
		HideSolutionNode = FALSE
	EndGlobalSection
	GlobalSection(ExtensibilityGlobals) = postSolution
		SolutionGuid = {37A0667E-249E-4EA5-88A7-4D1752779BA9}
	EndGlobalSection
EndGlobal
